
Microsoft Visual Studio Solution File, Format Version 12.00
# Visual Studio Version 16
VisualStudioVersion = 16.0.31624.102
MinimumVisualStudioVersion = 10.0.40219.1
Project("{888888A0-9F3D-457C-B088-3A5042F75D52}") = "AN-024 - QPS Window Averaging Example", "AN-024 - QPS Window Averaging Example.pyproj", "{2924FD8E-CFD2-416F-9291-887F15F894D5}"
EndProject
Global
	GlobalSection(SolutionConfigurationPlatforms) = preSolution
		Debug|Any CPU = Debug|Any CPU
		Release|Any CPU = Release|Any CPU
	EndGlobalSection
	GlobalSection(ProjectConfigurationPlatforms) = postSolution
		{2924FD8E-CFD2-416F-9291-887F15F894D5}.Debug|Any CPU.ActiveCfg = Debug|Any CPU
		{2924FD8E-CFD2-416F-9291-887F15F894D5}.Release|Any CPU.ActiveCfg = Release|Any CPU
	EndGlobalSection
	GlobalSection(SolutionProperties) = preSolution
		HideSolutionNode = FALSE
	EndGlobalSection
	GlobalSection(ExtensibilityGlobals) = postSolution
		SolutionGuid = {CAFD6662-42B4-4D3F-949C-15E8D0ACC117}
	EndGlobalSection
EndGlobal
